
Microsoft Visual Studio Solution File, Format Version 12.00
# Visual Studio 15
VisualStudioVersion = 15.0.28307.329
MinimumVisualStudioVersion = 10.0.40219.1
Project("{8BC9CEB8-8B4A-11D0-8D11-00A0C91BC942}") = "SelectChatApp", "SelectChatApp.vcxproj", "{52476374-BEF8-4E8E-AECB-DF6652751E3B}"
	ProjectSection(ProjectDependencies) = postProject
		{7C81CE8B-FF8E-4345-A864-F3D5680FF2BA} = {7C81CE8B-FF8E-4345-A864-F3D5680FF2BA}
	EndProjectSection
EndProject
Project("{8BC9CEB8-8B4A-11D0-8D11-00A0C91BC942}") = "LogicLayer", "..\LogicLayer\LogicLayer.vcxproj", "{7C81CE8B-FF8E-4345-A864-F3D5680FF2BA}"
	ProjectSection(ProjectDependencies) = postProject
		{00CCF7D0-1376-4C6C-A90E-0A7EE6C996B9} = {00CCF7D0-1376-4C6C-A90E-0A7EE6C996B9}
	EndProjectSection
EndProject
Project("{8BC9CEB8-8B4A-11D0-8D11-00A0C91BC942}") = "NetworkLayer", "..\NetworkLayer\NetworkLayer.vcxproj", "{00CCF7D0-1376-4C6C-A90E-0A7EE6C996B9}"
EndProject
Global
	GlobalSection(SolutionConfigurationPlatforms) = preSolution
		Debug|x64 = Debug|x64
		Debug|x86 = Debug|x86
		Release|x64 = Release|x64
		Release|x86 = Release|x86
	EndGlobalSection
	GlobalSection(ProjectConfigurationPlatforms) = postSolution
		{52476374-BEF8-4E8E-AECB-DF6652751E3B}.Debug|x64.ActiveCfg = Debug|x64
		{52476374-BEF8-4E8E-AECB-DF6652751E3B}.Debug|x64.Build.0 = Debug|x64
		{52476374-BEF8-4E8E-AECB-DF6652751E3B}.Debug|x86.ActiveCfg = Debug|Win32
		{52476374-BEF8-4E8E-AECB-DF6652751E3B}.Debug|x86.Build.0 = Debug|Win32
		{52476374-BEF8-4E8E-AECB-DF6652751E3B}.Release|x64.ActiveCfg = Release|x64
		{52476374-BEF8-4E8E-AECB-DF6652751E3B}.Release|x64.Build.0 = Release|x64
		{52476374-BEF8-4E8E-AECB-DF6652751E3B}.Release|x86.ActiveCfg = Release|Win32
		{52476374-BEF8-4E8E-AECB-DF6652751E3B}.Release|x86.Build.0 = Release|Win32
		{7C81CE8B-FF8E-4345-A864-F3D5680FF2BA}.Debug|x64.ActiveCfg = Debug|x64
		{7C81CE8B-FF8E-4345-A864-F3D5680FF2BA}.Debug|x64.Build.0 = Debug|x64
		{7C81CE8B-FF8E-4345-A864-F3D5680FF2BA}.Debug|x86.ActiveCfg = Debug|Win32
		{7C81CE8B-FF8E-4345-A864-F3D5680FF2BA}.Debug|x86.Build.0 = Debug|Win32
		{7C81CE8B-FF8E-4345-A864-F3D5680FF2BA}.Release|x64.ActiveCfg = Release|x64
		{7C81CE8B-FF8E-4345-A864-F3D5680FF2BA}.Release|x64.Build.0 = Release|x64
		{7C81CE8B-FF8E-4345-A864-F3D5680FF2BA}.Release|x86.ActiveCfg = Release|Win32
		{7C81CE8B-FF8E-4345-A864-F3D5680FF2BA}.Release|x86.Build.0 = Release|Win32
		{00CCF7D0-1376-4C6C-A90E-0A7EE6C996B9}.Debug|x64.ActiveCfg = Debug|x64
		{00CCF7D0-1376-4C6C-A90E-0A7EE6C996B9}.Debug|x64.Build.0 = Debug|x64
		{00CCF7D0-1376-4C6C-A90E-0A7EE6C996B9}.Debug|x86.ActiveCfg = Debug|Win32
		{00CCF7D0-1376-4C6C-A90E-0A7EE6C996B9}.Debug|x86.Build.0 = Debug|Win32
		{00CCF7D0-1376-4C6C-A90E-0A7EE6C996B9}.Release|x64.ActiveCfg = Release|x64
		{00CCF7D0-1376-4C6C-A90E-0A7EE6C996B9}.Release|x64.Build.0 = Release|x64
		{00CCF7D0-1376-4C6C-A90E-0A7EE6C996B9}.Release|x86.ActiveCfg = Release|Win32
		{00CCF7D0-1376-4C6C-A90E-0A7EE6C996B9}.Release|x86.Build.0 = Release|Win32
	EndGlobalSection
	GlobalSection(SolutionProperties) = preSolution
		HideSolutionNode = FALSE
	EndGlobalSection
	GlobalSection(ExtensibilityGlobals) = postSolution
		SolutionGuid = {AF432B12-D3B8-468C-A89F-9ABF84A32D86}
	EndGlobalSection
EndGlobal
