
Microsoft Visual Studio Solution File, Format Version 12.00
# Visual Studio 15
VisualStudioVersion = 15.0.28307.329
MinimumVisualStudioVersion = 10.0.40219.1
Project("{8BC9CEB8-8B4A-11D0-8D11-00A0C91BC942}") = "NetworkLayer", "NetworkLayer.vcxproj", "{00CCF7D0-1376-4C6C-A90E-0A7EE6C996B9}"
EndProject
Global
	GlobalSection(SolutionConfigurationPlatforms) = preSolution
		Debug|x64 = Debug|x64
		Debug|x86 = Debug|x86
		Release|x64 = Release|x64
		Release|x86 = Release|x86
	EndGlobalSection
	GlobalSection(ProjectConfigurationPlatforms) = postSolution
		{00CCF7D0-1376-4C6C-A90E-0A7EE6C996B9}.Debug|x64.ActiveCfg = Debug|x64
		{00CCF7D0-1376-4C6C-A90E-0A7EE6C996B9}.Debug|x64.Build.0 = Debug|x64
		{00CCF7D0-1376-4C6C-A90E-0A7EE6C996B9}.Debug|x86.ActiveCfg = Debug|Win32
		{00CCF7D0-1376-4C6C-A90E-0A7EE6C996B9}.Debug|x86.Build.0 = Debug|Win32
		{00CCF7D0-1376-4C6C-A90E-0A7EE6C996B9}.Release|x64.ActiveCfg = Release|x64
		{00CCF7D0-1376-4C6C-A90E-0A7EE6C996B9}.Release|x64.Build.0 = Release|x64
		{00CCF7D0-1376-4C6C-A90E-0A7EE6C996B9}.Release|x86.ActiveCfg = Release|Win32
		{00CCF7D0-1376-4C6C-A90E-0A7EE6C996B9}.Release|x86.Build.0 = Release|Win32
	EndGlobalSection
	GlobalSection(SolutionProperties) = preSolution
		HideSolutionNode = FALSE
	EndGlobalSection
	GlobalSection(ExtensibilityGlobals) = postSolution
		SolutionGuid = {95FDA6A6-7982-4826-8280-6147689B227D}
	EndGlobalSection
EndGlobal
