
Microsoft Visual Studio Solution File, Format Version 12.00
# Visual Studio 15
VisualStudioVersion = 15.0.28307.329
MinimumVisualStudioVersion = 10.0.40219.1
Project("{8BC9CEB8-8B4A-11D0-8D11-00A0C91BC942}") = "ChatServerHost", "ChatServerHost.vcxproj", "{EBB91DA5-3448-4B09-8354-5D5D81CB296B}"
EndProject
Project("{8BC9CEB8-8B4A-11D0-8D11-00A0C91BC942}") = "LogicLayer", "..\01_LogicLayer\LogicLayer.vcxproj", "{24AC0008-B499-4121-90E7-D951A45E7F80}"
	ProjectSection(ProjectDependencies) = postProject
		{60478A49-99FB-4AE3-9E4E-B228A341ADE7} = {60478A49-99FB-4AE3-9E4E-B228A341ADE7}
	EndProjectSection
EndProject
Project("{8BC9CEB8-8B4A-11D0-8D11-00A0C91BC942}") = "NetworkLayer", "..\02_NetworkLayer\NetworkLayer.vcxproj", "{60478A49-99FB-4AE3-9E4E-B228A341ADE7}"
EndProject
Global
	GlobalSection(SolutionConfigurationPlatforms) = preSolution
		Debug|x64 = Debug|x64
		Debug|x86 = Debug|x86
		Release|x64 = Release|x64
		Release|x86 = Release|x86
	EndGlobalSection
	GlobalSection(ProjectConfigurationPlatforms) = postSolution
		{EBB91DA5-3448-4B09-8354-5D5D81CB296B}.Debug|x64.ActiveCfg = Debug|x64
		{EBB91DA5-3448-4B09-8354-5D5D81CB296B}.Debug|x64.Build.0 = Debug|x64
		{EBB91DA5-3448-4B09-8354-5D5D81CB296B}.Debug|x86.ActiveCfg = Debug|Win32
		{EBB91DA5-3448-4B09-8354-5D5D81CB296B}.Debug|x86.Build.0 = Debug|Win32
		{EBB91DA5-3448-4B09-8354-5D5D81CB296B}.Release|x64.ActiveCfg = Release|x64
		{EBB91DA5-3448-4B09-8354-5D5D81CB296B}.Release|x64.Build.0 = Release|x64
		{EBB91DA5-3448-4B09-8354-5D5D81CB296B}.Release|x86.ActiveCfg = Release|Win32
		{EBB91DA5-3448-4B09-8354-5D5D81CB296B}.Release|x86.Build.0 = Release|Win32
		{24AC0008-B499-4121-90E7-D951A45E7F80}.Debug|x64.ActiveCfg = Debug|x64
		{24AC0008-B499-4121-90E7-D951A45E7F80}.Debug|x64.Build.0 = Debug|x64
		{24AC0008-B499-4121-90E7-D951A45E7F80}.Debug|x86.ActiveCfg = Debug|Win32
		{24AC0008-B499-4121-90E7-D951A45E7F80}.Debug|x86.Build.0 = Debug|Win32
		{24AC0008-B499-4121-90E7-D951A45E7F80}.Release|x64.ActiveCfg = Release|x64
		{24AC0008-B499-4121-90E7-D951A45E7F80}.Release|x64.Build.0 = Release|x64
		{24AC0008-B499-4121-90E7-D951A45E7F80}.Release|x86.ActiveCfg = Release|Win32
		{24AC0008-B499-4121-90E7-D951A45E7F80}.Release|x86.Build.0 = Release|Win32
		{60478A49-99FB-4AE3-9E4E-B228A341ADE7}.Debug|x64.ActiveCfg = Debug|x64
		{60478A49-99FB-4AE3-9E4E-B228A341ADE7}.Debug|x64.Build.0 = Debug|x64
		{60478A49-99FB-4AE3-9E4E-B228A341ADE7}.Debug|x86.ActiveCfg = Debug|Win32
		{60478A49-99FB-4AE3-9E4E-B228A341ADE7}.Debug|x86.Build.0 = Debug|Win32
		{60478A49-99FB-4AE3-9E4E-B228A341ADE7}.Release|x64.ActiveCfg = Release|x64
		{60478A49-99FB-4AE3-9E4E-B228A341ADE7}.Release|x64.Build.0 = Release|x64
		{60478A49-99FB-4AE3-9E4E-B228A341ADE7}.Release|x86.ActiveCfg = Release|Win32
		{60478A49-99FB-4AE3-9E4E-B228A341ADE7}.Release|x86.Build.0 = Release|Win32
	EndGlobalSection
	GlobalSection(SolutionProperties) = preSolution
		HideSolutionNode = FALSE
	EndGlobalSection
	GlobalSection(ExtensibilityGlobals) = postSolution
		SolutionGuid = {FE271F86-0BB2-4874-AEF7-6992A0016B90}
	EndGlobalSection
EndGlobal
