<?xml version="1.0" encoding="utf-8"?>
<Project ToolsVersion="4.0" xmlns="http://schemas.microsoft.com/developer/msbuild/2003">
  <ItemGroup>
    <ClCompile Include="LogicMain.cpp" />
    <ClCompile Include="PlayerManager.cpp" />
    <ClCompile Include="LobbyManager.cpp" />
    <ClCompile Include="Lobby.cpp" />
    <ClCompile Include="Room.cpp" />
    <ClCompile Include="Game.cpp" />
    <ClCompile Include="PacketProcess.cpp">
      <Filter>PacketProcessor</Filter>
    </ClCompile>
    <ClCompile Include="PacketProcessLobby.cpp">
      <Filter>PacketProcessor</Filter>
    </ClCompile>
    <ClCompile Include="PacketProcessLogin.cpp">
      <Filter>PacketProcessor</Filter>
    </ClCompile>
    <ClCompile Include="PacketProcessRoom.cpp">
      <Filter>PacketProcessor</Filter>
    </ClCompile>
  </ItemGroup>
  <ItemGroup>
    <ClInclude Include="LogicMain.h" />
    <ClInclude Include="Packet.h">
      <Filter>Common</Filter>
    </ClInclude>
    <ClInclude Include="PacketID.h">
      <Filter>Common</Filter>
    </ClInclude>
    <ClInclude Include="ErrorSet.h">
      <Filter>Common</Filter>
    </ClInclude>
    <ClInclude Include="PlayerManager.h" />
    <ClInclude Include="Player.h" />
    <ClInclude Include="LobbyManager.h" />
    <ClInclude Include="Lobby.h" />
    <ClInclude Include="Room.h" />
    <ClInclude Include="Game.h" />
    <ClInclude Include="PacketProcess.h">
      <Filter>PacketProcessor</Filter>
    </ClInclude>
    <ClInclude Include="ConnectedPlayerManager.h" />
  </ItemGroup>
  <ItemGroup>
    <Filter Include="Common">
      <UniqueIdentifier>{748ff220-e33f-45b8-8bab-366f8eb95504}</UniqueIdentifier>
    </Filter>
    <Filter Include="PacketProcessor">
      <UniqueIdentifier>{dd893b45-6c65-479b-baf8-bbfd85c729fd}</UniqueIdentifier>
    </Filter>
  </ItemGroup>
</Project>