
Microsoft Visual Studio Solution File, Format Version 12.00
# Visual Studio 15
VisualStudioVersion = 15.0.28307.329
MinimumVisualStudioVersion = 10.0.40219.1
Project("{8BC9CEB8-8B4A-11D0-8D11-00A0C91BC942}") = "CalculatorDLL", "CalculatorDLL\CalculatorDLL.vcxproj", "{177A5301-BAF9-47DD-83D3-F5DADCCCDE4D}"
EndProject
Project("{8BC9CEB8-8B4A-11D0-8D11-00A0C91BC942}") = "main", "main\main.vcxproj", "{1A931FC0-DA9F-484E-BE15-FCC02F204265}"
	ProjectSection(ProjectDependencies) = postProject
		{177A5301-BAF9-47DD-83D3-F5DADCCCDE4D} = {177A5301-BAF9-47DD-83D3-F5DADCCCDE4D}
	EndProjectSection
EndProject
Global
	GlobalSection(SolutionConfigurationPlatforms) = preSolution
		Debug|x64 = Debug|x64
		Debug|x86 = Debug|x86
		Release|x64 = Release|x64
		Release|x86 = Release|x86
	EndGlobalSection
	GlobalSection(ProjectConfigurationPlatforms) = postSolution
		{177A5301-BAF9-47DD-83D3-F5DADCCCDE4D}.Debug|x64.ActiveCfg = Debug|x64
		{177A5301-BAF9-47DD-83D3-F5DADCCCDE4D}.Debug|x64.Build.0 = Debug|x64
		{177A5301-BAF9-47DD-83D3-F5DADCCCDE4D}.Debug|x86.ActiveCfg = Debug|Win32
		{177A5301-BAF9-47DD-83D3-F5DADCCCDE4D}.Debug|x86.Build.0 = Debug|Win32
		{177A5301-BAF9-47DD-83D3-F5DADCCCDE4D}.Release|x64.ActiveCfg = Release|x64
		{177A5301-BAF9-47DD-83D3-F5DADCCCDE4D}.Release|x64.Build.0 = Release|x64
		{177A5301-BAF9-47DD-83D3-F5DADCCCDE4D}.Release|x86.ActiveCfg = Release|Win32
		{177A5301-BAF9-47DD-83D3-F5DADCCCDE4D}.Release|x86.Build.0 = Release|Win32
		{1A931FC0-DA9F-484E-BE15-FCC02F204265}.Debug|x64.ActiveCfg = Debug|x64
		{1A931FC0-DA9F-484E-BE15-FCC02F204265}.Debug|x64.Build.0 = Debug|x64
		{1A931FC0-DA9F-484E-BE15-FCC02F204265}.Debug|x86.ActiveCfg = Debug|Win32
		{1A931FC0-DA9F-484E-BE15-FCC02F204265}.Debug|x86.Build.0 = Debug|Win32
		{1A931FC0-DA9F-484E-BE15-FCC02F204265}.Release|x64.ActiveCfg = Release|x64
		{1A931FC0-DA9F-484E-BE15-FCC02F204265}.Release|x64.Build.0 = Release|x64
		{1A931FC0-DA9F-484E-BE15-FCC02F204265}.Release|x86.ActiveCfg = Release|Win32
		{1A931FC0-DA9F-484E-BE15-FCC02F204265}.Release|x86.Build.0 = Release|Win32
	EndGlobalSection
	GlobalSection(SolutionProperties) = preSolution
		HideSolutionNode = FALSE
	EndGlobalSection
	GlobalSection(ExtensibilityGlobals) = postSolution
		SolutionGuid = {FBC58982-A5C6-48CC-ACFF-C0B3BDC7FA05}
	EndGlobalSection
EndGlobal
