<?xml version="1.0" encoding="utf-8"?>
<Project ToolsVersion="4.0" xmlns="http://schemas.microsoft.com/developer/msbuild/2003">
  <ItemGroup>
    <ClInclude Include="PreComplie.h" />
    <ClInclude Include="CommonDef.h" />
    <ClInclude Include="Monitor.h" />
    <ClInclude Include="Singleton.h" />
    <ClInclude Include="Thread.h" />
    <ClInclude Include="Log.h" />
    <ClInclude Include="Queue.h" />
    <ClInclude Include="RingBuffer.h" />
    <ClInclude Include="Vbuffer.h" />
  </ItemGroup>
  <ItemGroup>
    <ClCompile Include="Monitor.cpp" />
    <ClCompile Include="Singleton.cpp" />
    <ClCompile Include="Thread.cpp" />
    <ClCompile Include="Log.cpp" />
    <ClCompile Include="RingBuffer.cpp" />
    <ClCompile Include="Vbuffer.cpp" />
  </ItemGroup>
</Project>