<?xml version="1.0" encoding="utf-8"?>
<Project ToolsVersion="4.0" xmlns="http://schemas.microsoft.com/developer/msbuild/2003">
  <ItemGroup>
    <ClCompile Include="ChatServer.cpp" />
    <ClCompile Include="main.cpp" />
    <ClCompile Include="NetService.cpp">
      <Filter>Network</Filter>
    </ClCompile>
    <ClCompile Include="RemoteSession.cpp">
      <Filter>Network</Filter>
    </ClCompile>
    <ClCompile Include="LogicMain.cpp">
      <Filter>Logic</Filter>
    </ClCompile>
    <ClCompile Include="Client.cpp">
      <Filter>Contents</Filter>
    </ClCompile>
    <ClCompile Include="ClientManager.cpp">
      <Filter>Contents</Filter>
    </ClCompile>
  </ItemGroup>
  <ItemGroup>
    <ClInclude Include="ChatServer.h" />
    <ClInclude Include="NetService.h">
      <Filter>Network</Filter>
    </ClInclude>
    <ClInclude Include="Iocp.h">
      <Filter>Network</Filter>
    </ClInclude>
    <ClInclude Include="RemoteSession.h">
      <Filter>Network</Filter>
    </ClInclude>
    <ClInclude Include="Packet.h" />
    <ClInclude Include="LogicMain.h">
      <Filter>Logic</Filter>
    </ClInclude>
    <ClInclude Include="LogicProcess.h">
      <Filter>Logic</Filter>
    </ClInclude>
    <ClInclude Include="Client.h">
      <Filter>Contents</Filter>
    </ClInclude>
    <ClInclude Include="ClientManager.h">
      <Filter>Contents</Filter>
    </ClInclude>
    <ClInclude Include="Room.h">
      <Filter>Contents</Filter>
    </ClInclude>
    <ClInclude Include="RoomManager.h">
      <Filter>Contents</Filter>
    </ClInclude>
  </ItemGroup>
  <ItemGroup>
    <Filter Include="Network">
      <UniqueIdentifier>{7bcee5c2-3ecb-4f5a-9ce0-d1bf7751d979}</UniqueIdentifier>
    </Filter>
    <Filter Include="Logic">
      <UniqueIdentifier>{3b1e6d75-b5af-4b15-9455-de64ff670696}</UniqueIdentifier>
    </Filter>
    <Filter Include="Contents">
      <UniqueIdentifier>{dc65aa2b-246c-4990-b8da-1fb04b480ead}</UniqueIdentifier>
    </Filter>
  </ItemGroup>
</Project>